
Microsoft Visual Studio Solution File, Format Version 12.00
# Visual Studio 2012
Project("{FAE04EC0-301F-11D3-BF4B-00C04F79EFBC}") = "ComputeAnimation", "ComputeAnimation.csproj", "{45E2A8FA-660C-497A-8A97-769B123379D9}"
EndProject
Global
	GlobalSection(SolutionConfigurationPlatforms) = preSolution
		Debug|x86 = Debug|x86
		Release|x86 = Release|x86
	EndGlobalSection
	GlobalSection(ProjectConfigurationPlatforms) = postSolution
		{45E2A8FA-660C-497A-8A97-769B123379D9}.Debug|x86.ActiveCfg = Debug|x86
		{45E2A8FA-660C-497A-8A97-769B123379D9}.Debug|x86.Build.0 = Debug|x86
		{45E2A8FA-660C-497A-8A97-769B123379D9}.Release|x86.ActiveCfg = Release|x86
		{45E2A8FA-660C-497A-8A97-769B123379D9}.Release|x86.Build.0 = Release|x86
	EndGlobalSection
EndGlobal
